
Microsoft Visual Studio Solution File, Format Version 12.00
# Visual Studio 2013
VisualStudioVersion = 12.0.21005.1
MinimumVisualStudioVersion = 10.0.40219.1
Project("{FAE04EC0-301F-11D3-BF4B-00C04F79EFBC}") = "RawERD", "RawERD\RawERD.csproj", "{CBEF54C1-464C-49F6-AADC-6A8A884CA72F}"
EndProject
Project("{FAE04EC0-301F-11D3-BF4B-00C04F79EFBC}") = "RawERD.Tests", "RawERD.Tests\RawERD.Tests.csproj", "{13402666-B582-4AFB-B7CF-C0809F699720}"
EndProject
Global
	GlobalSection(SolutionConfigurationPlatforms) = preSolution
		Debug|Any CPU = Debug|Any CPU
		Release|Any CPU = Release|Any CPU
	EndGlobalSection
	GlobalSection(ProjectConfigurationPlatforms) = postSolution
		{CBEF54C1-464C-49F6-AADC-6A8A884CA72F}.Debug|Any CPU.ActiveCfg = Debug|Any CPU
		{CBEF54C1-464C-49F6-AADC-6A8A884CA72F}.Debug|Any CPU.Build.0 = Debug|Any CPU
		{CBEF54C1-464C-49F6-AADC-6A8A884CA72F}.Release|Any CPU.ActiveCfg = Release|Any CPU
		{CBEF54C1-464C-49F6-AADC-6A8A884CA72F}.Release|Any CPU.Build.0 = Release|Any CPU
		{13402666-B582-4AFB-B7CF-C0809F699720}.Debug|Any CPU.ActiveCfg = Debug|Any CPU
		{13402666-B582-4AFB-B7CF-C0809F699720}.Debug|Any CPU.Build.0 = Debug|Any CPU
		{13402666-B582-4AFB-B7CF-C0809F699720}.Release|Any CPU.ActiveCfg = Release|Any CPU
		{13402666-B582-4AFB-B7CF-C0809F699720}.Release|Any CPU.Build.0 = Release|Any CPU
	EndGlobalSection
	GlobalSection(SolutionProperties) = preSolution
		HideSolutionNode = FALSE
	EndGlobalSection
EndGlobal
